
Microsoft Visual Studio Solution File, Format Version 12.00
# Visual Studio Version 16
VisualStudioVersion = 16.0.30413.136
MinimumVisualStudioVersion = 10.0.40219.1
Project("{8BC9CEB8-8B4A-11D0-8D11-00A0C91BC942}") = "lei", "lei\lei.vcxproj", "{29E8D150-921A-479D-A099-03DF0C7F8EB0}"
EndProject
Global
	GlobalSection(SolutionConfigurationPlatforms) = preSolution
		Debug|x64 = Debug|x64
		Debug|x86 = Debug|x86
		Release|x64 = Release|x64
		Release|x86 = Release|x86
	EndGlobalSection
	GlobalSection(ProjectConfigurationPlatforms) = postSolution
		{29E8D150-921A-479D-A099-03DF0C7F8EB0}.Debug|x64.ActiveCfg = Debug|x64
		{29E8D150-921A-479D-A099-03DF0C7F8EB0}.Debug|x64.Build.0 = Debug|x64
		{29E8D150-921A-479D-A099-03DF0C7F8EB0}.Debug|x86.ActiveCfg = Debug|Win32
		{29E8D150-921A-479D-A099-03DF0C7F8EB0}.Debug|x86.Build.0 = Debug|Win32
		{29E8D150-921A-479D-A099-03DF0C7F8EB0}.Release|x64.ActiveCfg = Release|x64
		{29E8D150-921A-479D-A099-03DF0C7F8EB0}.Release|x64.Build.0 = Release|x64
		{29E8D150-921A-479D-A099-03DF0C7F8EB0}.Release|x86.ActiveCfg = Release|Win32
		{29E8D150-921A-479D-A099-03DF0C7F8EB0}.Release|x86.Build.0 = Release|Win32
	EndGlobalSection
	GlobalSection(SolutionProperties) = preSolution
		HideSolutionNode = FALSE
	EndGlobalSection
	GlobalSection(ExtensibilityGlobals) = postSolution
		SolutionGuid = {B2E7E27D-7471-49FC-8EA5-E87077616041}
	EndGlobalSection
EndGlobal
